
Microsoft Visual Studio Solution File, Format Version 12.00
# Visual Studio 15
VisualStudioVersion = 15.0.28307.645
MinimumVisualStudioVersion = 10.0.40219.1
Project("{FAE04EC0-301F-11D3-BF4B-00C04F79EFBC}") = "ConsoleApp2", "ConsoleApp2\ConsoleApp2.csproj", "{C80A73EB-073A-490F-A1DB-06DAFC8F4F02}"
EndProject
Project("{FAE04EC0-301F-11D3-BF4B-00C04F79EFBC}") = "UnitTestProject1", "UnitTestProject1\UnitTestProject1.csproj", "{77CE68E3-A2A1-4C87-9F99-45AD9D9221FE}"
EndProject
Global
	GlobalSection(SolutionConfigurationPlatforms) = preSolution
		Debug|Any CPU = Debug|Any CPU
		Release|Any CPU = Release|Any CPU
	EndGlobalSection
	GlobalSection(ProjectConfigurationPlatforms) = postSolution
		{C80A73EB-073A-490F-A1DB-06DAFC8F4F02}.Debug|Any CPU.ActiveCfg = Debug|Any CPU
		{C80A73EB-073A-490F-A1DB-06DAFC8F4F02}.Debug|Any CPU.Build.0 = Debug|Any CPU
		{C80A73EB-073A-490F-A1DB-06DAFC8F4F02}.Release|Any CPU.ActiveCfg = Release|Any CPU
		{C80A73EB-073A-490F-A1DB-06DAFC8F4F02}.Release|Any CPU.Build.0 = Release|Any CPU
		{77CE68E3-A2A1-4C87-9F99-45AD9D9221FE}.Debug|Any CPU.ActiveCfg = Debug|Any CPU
		{77CE68E3-A2A1-4C87-9F99-45AD9D9221FE}.Debug|Any CPU.Build.0 = Debug|Any CPU
		{77CE68E3-A2A1-4C87-9F99-45AD9D9221FE}.Release|Any CPU.ActiveCfg = Release|Any CPU
		{77CE68E3-A2A1-4C87-9F99-45AD9D9221FE}.Release|Any CPU.Build.0 = Release|Any CPU
	EndGlobalSection
	GlobalSection(SolutionProperties) = preSolution
		HideSolutionNode = FALSE
	EndGlobalSection
	GlobalSection(ExtensibilityGlobals) = postSolution
		SolutionGuid = {667D7851-1DC3-4ECD-BFA3-3618FB17A1BB}
	EndGlobalSection
EndGlobal
