
Microsoft Visual Studio Solution File, Format Version 12.00
# Visual Studio 15
VisualStudioVersion = 15.0.28307.645
MinimumVisualStudioVersion = 10.0.40219.1
Project("{9A19103F-16F7-4668-BE54-9A1E7A4F7556}") = "ConsoleApp1", "ConsoleApp1\ConsoleApp1.csproj", "{17378748-449A-49E9-8A6F-9EE755DB8B8B}"
EndProject
Project("{9A19103F-16F7-4668-BE54-9A1E7A4F7556}") = "UnitTestProject2", "UnitTestProject2\UnitTestProject2.csproj", "{E68792D9-53FD-4B99-91E3-85CA3AD76174}"
EndProject
Project("{9A19103F-16F7-4668-BE54-9A1E7A4F7556}") = "UnitTestProject1", "UnitTestProject1\UnitTestProject1.csproj", "{9E63938A-FCFE-4C7C-913F-69570FD362AE}"
EndProject
Project("{FAE04EC0-301F-11D3-BF4B-00C04F79EFBC}") = "ConsoleApp2", "ConsoleApp2\ConsoleApp2.csproj", "{C80A73EB-073A-490F-A1DB-06DAFC8F4F02}"
EndProject
Project("{FAE04EC0-301F-11D3-BF4B-00C04F79EFBC}") = "smomot-s0-net-framework", "smomot-s0-net-framework\smomot-s0-net-framework.csproj", "{3E6D564F-1FEB-4CD9-90A4-E175E5D390F0}"
EndProject
Project("{FAE04EC0-301F-11D3-BF4B-00C04F79EFBC}") = "smomot-s0-net-framework.Tests", "smomot-s0-net-framework.Tests\smomot-s0-net-framework.Tests.csproj", "{7D24947F-11BE-4D22-A16B-6E9D1F5D5CBE}"
EndProject
Global
	GlobalSection(SolutionConfigurationPlatforms) = preSolution
		Debug|Any CPU = Debug|Any CPU
		Release|Any CPU = Release|Any CPU
	EndGlobalSection
	GlobalSection(ProjectConfigurationPlatforms) = postSolution
		{17378748-449A-49E9-8A6F-9EE755DB8B8B}.Debug|Any CPU.ActiveCfg = Debug|Any CPU
		{17378748-449A-49E9-8A6F-9EE755DB8B8B}.Debug|Any CPU.Build.0 = Debug|Any CPU
		{17378748-449A-49E9-8A6F-9EE755DB8B8B}.Release|Any CPU.ActiveCfg = Release|Any CPU
		{17378748-449A-49E9-8A6F-9EE755DB8B8B}.Release|Any CPU.Build.0 = Release|Any CPU
		{E68792D9-53FD-4B99-91E3-85CA3AD76174}.Debug|Any CPU.ActiveCfg = Debug|Any CPU
		{E68792D9-53FD-4B99-91E3-85CA3AD76174}.Debug|Any CPU.Build.0 = Debug|Any CPU
		{E68792D9-53FD-4B99-91E3-85CA3AD76174}.Release|Any CPU.ActiveCfg = Release|Any CPU
		{E68792D9-53FD-4B99-91E3-85CA3AD76174}.Release|Any CPU.Build.0 = Release|Any CPU
		{9E63938A-FCFE-4C7C-913F-69570FD362AE}.Debug|Any CPU.ActiveCfg = Debug|Any CPU
		{9E63938A-FCFE-4C7C-913F-69570FD362AE}.Debug|Any CPU.Build.0 = Debug|Any CPU
		{9E63938A-FCFE-4C7C-913F-69570FD362AE}.Release|Any CPU.ActiveCfg = Release|Any CPU
		{9E63938A-FCFE-4C7C-913F-69570FD362AE}.Release|Any CPU.Build.0 = Release|Any CPU
		{C80A73EB-073A-490F-A1DB-06DAFC8F4F02}.Debug|Any CPU.ActiveCfg = Debug|Any CPU
		{C80A73EB-073A-490F-A1DB-06DAFC8F4F02}.Debug|Any CPU.Build.0 = Debug|Any CPU
		{C80A73EB-073A-490F-A1DB-06DAFC8F4F02}.Release|Any CPU.ActiveCfg = Release|Any CPU
		{C80A73EB-073A-490F-A1DB-06DAFC8F4F02}.Release|Any CPU.Build.0 = Release|Any CPU
		{3E6D564F-1FEB-4CD9-90A4-E175E5D390F0}.Debug|Any CPU.ActiveCfg = Debug|Any CPU
		{3E6D564F-1FEB-4CD9-90A4-E175E5D390F0}.Debug|Any CPU.Build.0 = Debug|Any CPU
		{3E6D564F-1FEB-4CD9-90A4-E175E5D390F0}.Release|Any CPU.ActiveCfg = Release|Any CPU
		{3E6D564F-1FEB-4CD9-90A4-E175E5D390F0}.Release|Any CPU.Build.0 = Release|Any CPU
		{7D24947F-11BE-4D22-A16B-6E9D1F5D5CBE}.Debug|Any CPU.ActiveCfg = Debug|Any CPU
		{7D24947F-11BE-4D22-A16B-6E9D1F5D5CBE}.Debug|Any CPU.Build.0 = Debug|Any CPU
		{7D24947F-11BE-4D22-A16B-6E9D1F5D5CBE}.Release|Any CPU.ActiveCfg = Release|Any CPU
		{7D24947F-11BE-4D22-A16B-6E9D1F5D5CBE}.Release|Any CPU.Build.0 = Release|Any CPU
	EndGlobalSection
	GlobalSection(SolutionProperties) = preSolution
		HideSolutionNode = FALSE
	EndGlobalSection
	GlobalSection(ExtensibilityGlobals) = postSolution
		SolutionGuid = {62B26B2B-9C8D-44AE-BD8A-D3FFB31B7DF1}
	EndGlobalSection
EndGlobal
