
Microsoft Visual Studio Solution File, Format Version 12.00
# Visual Studio 15
VisualStudioVersion = 15.0.28307.645
MinimumVisualStudioVersion = 10.0.40219.1
Project("{9A19103F-16F7-4668-BE54-9A1E7A4F7556}") = "DotNetCoreConsoleApp", "projects\DotNetCoreConsoleApp\DotNetCoreConsoleApp.csproj", "{17378748-449A-49E9-8A6F-9EE755DB8B8B}"
EndProject
Project("{9A19103F-16F7-4668-BE54-9A1E7A4F7556}") = "DotNetCoreConsoleApp.Tests", "projects\DotNetCoreConsoleApp.Tests\DotNetCoreConsoleApp.Tests.csproj", "{E68792D9-53FD-4B99-91E3-85CA3AD76174}"
EndProject
Project("{FAE04EC0-301F-11D3-BF4B-00C04F79EFBC}") = "DotNetFW4ConsoleApp", "projects\DotNetFW4ConsoleApp\DotNetFW4ConsoleApp.csproj", "{5A676C1C-E128-49DC-8095-E19459ECF805}"
EndProject
Project("{FAE04EC0-301F-11D3-BF4B-00C04F79EFBC}") = "DotNetFW4WebApi", "projects\DotNetFW4WebApi\DotNetFW4WebApi.csproj", "{A7539B36-0261-408F-803F-4C4CC1CC8219}"
EndProject
Project("{FAE04EC0-301F-11D3-BF4B-00C04F79EFBC}") = "DotNetFW4WebApi.Tests", "projects\DotNetFW4WebApi.Tests\DotNetFW4WebApi.Tests.csproj", "{03C2B4A3-6493-499F-814F-709E43982EDA}"
EndProject
Project("{9344BDBB-3E7F-41FC-A0DD-8665D75EE146}") = "momoto-lnx-node", "projects\momoto-lnx-node\momoto-lnx-node.mdproj", "{BB853507-F5D5-46C8-9BAA-3CD25A9625AF}"
EndProject
Global
	GlobalSection(SolutionConfigurationPlatforms) = preSolution
		Debug|Any CPU = Debug|Any CPU
		Default|Any CPU = Default|Any CPU
		Release|Any CPU = Release|Any CPU
	EndGlobalSection
	GlobalSection(ProjectConfigurationPlatforms) = postSolution
		{17378748-449A-49E9-8A6F-9EE755DB8B8B}.Debug|Any CPU.ActiveCfg = Debug|Any CPU
		{17378748-449A-49E9-8A6F-9EE755DB8B8B}.Debug|Any CPU.Build.0 = Debug|Any CPU
		{17378748-449A-49E9-8A6F-9EE755DB8B8B}.Default|Any CPU.ActiveCfg = Debug|Any CPU
		{17378748-449A-49E9-8A6F-9EE755DB8B8B}.Default|Any CPU.Build.0 = Debug|Any CPU
		{17378748-449A-49E9-8A6F-9EE755DB8B8B}.Release|Any CPU.ActiveCfg = Release|Any CPU
		{17378748-449A-49E9-8A6F-9EE755DB8B8B}.Release|Any CPU.Build.0 = Release|Any CPU
		{E68792D9-53FD-4B99-91E3-85CA3AD76174}.Debug|Any CPU.ActiveCfg = Debug|Any CPU
		{E68792D9-53FD-4B99-91E3-85CA3AD76174}.Debug|Any CPU.Build.0 = Debug|Any CPU
		{E68792D9-53FD-4B99-91E3-85CA3AD76174}.Default|Any CPU.ActiveCfg = Debug|Any CPU
		{E68792D9-53FD-4B99-91E3-85CA3AD76174}.Default|Any CPU.Build.0 = Debug|Any CPU
		{E68792D9-53FD-4B99-91E3-85CA3AD76174}.Release|Any CPU.ActiveCfg = Release|Any CPU
		{E68792D9-53FD-4B99-91E3-85CA3AD76174}.Release|Any CPU.Build.0 = Release|Any CPU
		{5A676C1C-E128-49DC-8095-E19459ECF805}.Debug|Any CPU.ActiveCfg = Debug|Any CPU
		{5A676C1C-E128-49DC-8095-E19459ECF805}.Debug|Any CPU.Build.0 = Debug|Any CPU
		{5A676C1C-E128-49DC-8095-E19459ECF805}.Default|Any CPU.ActiveCfg = Debug|Any CPU
		{5A676C1C-E128-49DC-8095-E19459ECF805}.Default|Any CPU.Build.0 = Debug|Any CPU
		{5A676C1C-E128-49DC-8095-E19459ECF805}.Release|Any CPU.ActiveCfg = Release|Any CPU
		{5A676C1C-E128-49DC-8095-E19459ECF805}.Release|Any CPU.Build.0 = Release|Any CPU
		{A7539B36-0261-408F-803F-4C4CC1CC8219}.Debug|Any CPU.ActiveCfg = Debug|Any CPU
		{A7539B36-0261-408F-803F-4C4CC1CC8219}.Debug|Any CPU.Build.0 = Debug|Any CPU
		{A7539B36-0261-408F-803F-4C4CC1CC8219}.Default|Any CPU.ActiveCfg = Debug|Any CPU
		{A7539B36-0261-408F-803F-4C4CC1CC8219}.Default|Any CPU.Build.0 = Debug|Any CPU
		{A7539B36-0261-408F-803F-4C4CC1CC8219}.Release|Any CPU.ActiveCfg = Release|Any CPU
		{A7539B36-0261-408F-803F-4C4CC1CC8219}.Release|Any CPU.Build.0 = Release|Any CPU
		{03C2B4A3-6493-499F-814F-709E43982EDA}.Debug|Any CPU.ActiveCfg = Debug|Any CPU
		{03C2B4A3-6493-499F-814F-709E43982EDA}.Debug|Any CPU.Build.0 = Debug|Any CPU
		{03C2B4A3-6493-499F-814F-709E43982EDA}.Default|Any CPU.ActiveCfg = Debug|Any CPU
		{03C2B4A3-6493-499F-814F-709E43982EDA}.Default|Any CPU.Build.0 = Debug|Any CPU
		{03C2B4A3-6493-499F-814F-709E43982EDA}.Release|Any CPU.ActiveCfg = Release|Any CPU
		{03C2B4A3-6493-499F-814F-709E43982EDA}.Release|Any CPU.Build.0 = Release|Any CPU
		{BB853507-F5D5-46C8-9BAA-3CD25A9625AF}.Debug|Any CPU.ActiveCfg = Default|Any CPU
		{BB853507-F5D5-46C8-9BAA-3CD25A9625AF}.Debug|Any CPU.Build.0 = Default|Any CPU
		{BB853507-F5D5-46C8-9BAA-3CD25A9625AF}.Default|Any CPU.ActiveCfg = Default|Any CPU
		{BB853507-F5D5-46C8-9BAA-3CD25A9625AF}.Default|Any CPU.Build.0 = Default|Any CPU
		{BB853507-F5D5-46C8-9BAA-3CD25A9625AF}.Release|Any CPU.ActiveCfg = Default|Any CPU
		{BB853507-F5D5-46C8-9BAA-3CD25A9625AF}.Release|Any CPU.Build.0 = Default|Any CPU
	EndGlobalSection
	GlobalSection(SolutionProperties) = preSolution
		HideSolutionNode = FALSE
	EndGlobalSection
	GlobalSection(ExtensibilityGlobals) = postSolution
		SolutionGuid = {62B26B2B-9C8D-44AE-BD8A-D3FFB31B7DF1}
	EndGlobalSection
EndGlobal
